// !$*UTF8*$!
{
	archiveVersion = 1;
	classes = {
	};
	objectVersion = 46;
	objects = {

/* Begin PBXBuildFile section */
		8E6E82311D32E5C7000EA390 /* AppDelegate.swift in Sources */ = {isa = PBXBuildFile; fileRef = 8E6E82301D32E5C7000EA390 /* AppDelegate.swift */; };
		8E6E82361D32E5C7000EA390 /* Main.storyboard in Resources */ = {isa = PBXBuildFile; fileRef = 8E6E82341D32E5C7000EA390 /* Main.storyboard */; };
		8E6E82381D32E5C7000EA390 /* Assets.xcassets in Resources */ = {isa = PBXBuildFile; fileRef = 8E6E82371D32E5C7000EA390 /* Assets.xcassets */; };
		8E6E823B1D32E5C7000EA390 /* LaunchScreen.storyboard in Resources */ = {isa = PBXBuildFile; fileRef = 8E6E82391D32E5C7000EA390 /* LaunchScreen.storyboard */; };
		8ECC1B721D3C2D5000949385 /* MapKit.framework in Frameworks */ = {isa = PBXBuildFile; fileRef = 8ECC1B711D3C2D5000949385 /* MapKit.framework */; };
		8ECC1B741D3C31B000949385 /* MapViewController.swift in Sources */ = {isa = PBXBuildFile; fileRef = 8ECC1B731D3C31B000949385 /* MapViewController.swift */; };
		8ED558861D33211E00F8EDD2 /* ConversionViewController.swift in Sources */ = {isa = PBXBuildFile; fileRef = 8ED558851D33211E00F8EDD2 /* ConversionViewController.swift */; };
/* End PBXBuildFile section */

/* Begin PBXFileReference section */
		8E6E822D1D32E5C6000EA390 /* WorldTrotter.app */ = {isa = PBXFileReference; explicitFileType = wrapper.application; includeInIndex = 0; path = WorldTrotter.app; sourceTree = BUILT_PRODUCTS_DIR; };
		8E6E82301D32E5C7000EA390 /* AppDelegate.swift */ = {isa = PBXFileReference; lastKnownFileType = sourcecode.swift; path = AppDelegate.swift; sourceTree = "<group>"; };
		8E6E82351D32E5C7000EA390 /* Base */ = {isa = PBXFileReference; lastKnownFileType = file.storyboard; name = Base; path = Base.lproj/Main.storyboard; sourceTree = "<group>"; };
		8E6E82371D32E5C7000EA390 /* Assets.xcassets */ = {isa = PBXFileReference; lastKnownFileType = folder.assetcatalog; path = Assets.xcassets; sourceTree = "<group>"; };
		8E6E823A1D32E5C7000EA390 /* Base */ = {isa = PBXFileReference; lastKnownFileType = file.storyboard; name = Base; path = Base.lproj/LaunchScreen.storyboard; sourceTree = "<group>"; };
		8E6E823C1D32E5C7000EA390 /* Info.plist */ = {isa = PBXFileReference; lastKnownFileType = text.plist.xml; path = Info.plist; sourceTree = "<group>"; };
		8ECC1B711D3C2D5000949385 /* MapKit.framework */ = {isa = PBXFileReference; lastKnownFileType = wrapper.framework; name = MapKit.framework; path = System/Library/Frameworks/MapKit.framework; sourceTree = SDKROOT; };
		8ECC1B731D3C31B000949385 /* MapViewController.swift */ = {isa = PBXFileReference; fileEncoding = 4; lastKnownFileType = sourcecode.swift; path = MapViewController.swift; sourceTree = "<group>"; };
		8ED558851D33211E00F8EDD2 /* ConversionViewController.swift */ = {isa = PBXFileReference; fileEncoding = 4; lastKnownFileType = sourcecode.swift; name = ConversionViewController.swift; path = ../ConversionViewController.swift; sourceTree = "<group>"; };
/* End PBXFileReference section */

/* Begin PBXFrameworksBuildPhase section */
		8E6E822A1D32E5C6000EA390 /* Frameworks */ = {
			isa = PBXFrameworksBuildPhase;
			buildActionMask = 2147483647;
			files = (
				8ECC1B721D3C2D5000949385 /* MapKit.framework in Frameworks */,
			);
			runOnlyForDeploymentPostprocessing = 0;
		};
/* End PBXFrameworksBuildPhase section */

/* Begin PBXGroup section */
		8E6E82241D32E5C6000EA390 = {
			isa = PBXGroup;
			children = (
				8ECC1B711D3C2D5000949385 /* MapKit.framework */,
				8E6E822F1D32E5C6000EA390 /* WorldTrotter */,
				8E6E822E1D32E5C6000EA390 /* Products */,
			);
			sourceTree = "<group>";
		};
		8E6E822E1D32E5C6000EA390 /* Products */ = {
			isa = PBXGroup;
			children = (
				8E6E822D1D32E5C6000EA390 /* WorldTrotter.app */,
			);
			name = Products;
			sourceTree = "<group>";
		};
		8E6E822F1D32E5C6000EA390 /* WorldTrotter */ = {
			isa = PBXGroup;
			children = (
				8E6E82301D32E5C7000EA390 /* AppDelegate.swift */,
				8E6E82341D32E5C7000EA390 /* Main.storyboard */,
				8ECC1B731D3C31B000949385 /* MapViewController.swift */,
				8ED558851D33211E00F8EDD2 /* ConversionViewController.swift */,
				8E6E82371D32E5C7000EA390 /* Assets.xcassets */,
				8E6E82391D32E5C7000EA390 /* LaunchScreen.storyboard */,
				8E6E823C1D32E5C7000EA390 /* Info.plist */,
			);
			path = WorldTrotter;
			sourceTree = "<group>";
		};
/* End PBXGroup section */

/* Begin PBXNativeTarget section */
		8E6E822C1D32E5C6000EA390 /* WorldTrotter */ = {
			isa = PBXNativeTarget;
			buildConfigurationList = 8E6E823F1D32E5C7000EA390 /* Build configuration list for PBXNativeTarget "WorldTrotter" */;
			buildPhases = (
				8E6E82291D32E5C6000EA390 /* Sources */,
				8E6E822A1D32E5C6000EA390 /* Frameworks */,
				8E6E822B1D32E5C6000EA390 /* Resources */,
			);
			buildRules = (
			);
			dependencies = (
			);
			name = WorldTrotter;
			productName = WorldTrotter;
			productReference = 8E6E822D1D32E5C6000EA390 /* WorldTrotter.app */;
			productType = "com.apple.product-type.application";
		};
/* End PBXNativeTarget section */

/* Begin PBXProject section */
		8E6E82251D32E5C6000EA390 /* Project object */ = {
			isa = PBXProject;
			attributes = {
				LastSwiftUpdateCheck = 0720;
				LastUpgradeCheck = 0720;
				ORGANIZATIONNAME = "Nestor Castillo";
				TargetAttributes = {
					8E6E822C1D32E5C6000EA390 = {
						CreatedOnToolsVersion = 7.2.1;
					};
				};
			};
			buildConfigurationList = 8E6E82281D32E5C6000EA390 /* Build configuration list for PBXProject "WorldTrotter" */;
			compatibilityVersion = "Xcode 3.2";
			developmentRegion = English;
			hasScannedForEncodings = 0;
			knownRegions = (
				en,
				Base,
			);
			mainGroup = 8E6E82241D32E5C6000EA390;
			productRefGroup = 8E6E822E1D32E5C6000EA390 /* Products */;
			projectDirPath = "";
			projectRoot = "";
			targets = (
				8E6E822C1D32E5C6000EA390 /* WorldTrotter */,
			);
		};
/* End PBXProject section */

/* Begin PBXResourcesBuildPhase section */
		8E6E822B1D32E5C6000EA390 /* Resources */ = {
			isa = PBXResourcesBuildPhase;
			buildActionMask = 2147483647;
			files = (
				8E6E823B1D32E5C7000EA390 /* LaunchScreen.storyboard in Resources */,
				8E6E82381D32E5C7000EA390 /* Assets.xcassets in Resources */,
				8E6E82361D32E5C7000EA390 /* Main.storyboard in Resources */,
			);
			runOnlyForDeploymentPostprocessing = 0;
		};
/* End PBXResourcesBuildPhase section */

/* Begin PBXSourcesBuildPhase section */
		8E6E82291D32E5C6000EA390 /* Sources */ = {
			isa = PBXSourcesBuildPhase;
			buildActionMask = 2147483647;
			files = (
				8ED558861D33211E00F8EDD2 /* ConversionViewController.swift in Sources */,
				8ECC1B741D3C31B000949385 /* MapViewController.swift in Sources */,
				8E6E82311D32E5C7000EA390 /* AppDelegate.swift in Sources */,
			);
			runOnlyForDeploymentPostprocessing = 0;
		};
/* End PBXSourcesBuildPhase section */

/* Begin PBXVariantGroup section */
		8E6E82341D32E5C7000EA390 /* Main.storyboard */ = {
			isa = PBXVariantGroup;
			children = (
				8E6E82351D32E5C7000EA390 /* Base */,
			);
			name = Main.storyboard;
			sourceTree = "<group>";
		};
		8E6E82391D32E5C7000EA390 /* LaunchScreen.storyboard */ = {
			isa = PBXVariantGroup;
			children = (
				8E6E823A1D32E5C7000EA390 /* Base */,
			);
			name = LaunchScreen.storyboard;
			sourceTree = "<group>";
		};
/* End PBXVariantGroup section */

/* Begin XCBuildConfiguration section */
		8E6E823D1D32E5C7000EA390 /* Debug */ = {
			isa = XCBuildConfiguration;
			buildSettings = {
				ALWAYS_SEARCH_USER_PATHS = NO;
				CLANG_CXX_LANGUAGE_STANDARD = "gnu++0x";
				CLANG_CXX_LIBRARY = "libc++";
				CLANG_ENABLE_MODULES = YES;
				CLANG_ENABLE_OBJC_ARC = YES;
				CLANG_WARN_BOOL_CONVERSION = YES;
				CLANG_WARN_CONSTANT_CONVERSION = YES;
				CLANG_WARN_DIRECT_OBJC_ISA_USAGE = YES_ERROR;
				CLANG_WARN_EMPTY_BODY = YES;
				CLANG_WARN_ENUM_CONVERSION = YES;
				CLANG_WARN_INT_CONVERSION = YES;
				CLANG_WARN_OBJC_ROOT_CLASS = YES_ERROR;
				CLANG_WARN_UNREACHABLE_CODE = YES;
				CLANG_WARN__DUPLICATE_METHOD_MATCH = YES;
				"CODE_SIGN_IDENTITY[sdk=iphoneos*]" = "iPhone Developer";
				COPY_PHASE_STRIP = NO;
				DEBUG_INFORMATION_FORMAT = dwarf;
				ENABLE_STRICT_OBJC_MSGSEND = YES;
				ENABLE_TESTABILITY = YES;
				GCC_C_LANGUAGE_STANDARD = gnu99;
				GCC_DYNAMIC_NO_PIC = NO;
				GCC_NO_COMMON_BLOCKS = YES;
				GCC_OPTIMIZATION_LEVEL = 0;
				GCC_PREPROCESSOR_DEFINITIONS = (
					"DEBUG=1",
					"$(inherited)",
				);
				GCC_WARN_64_TO_32_BIT_CONVERSION = YES;
				GCC_WARN_ABOUT_RETURN_TYPE = YES_ERROR;
				GCC_WARN_UNDECLARED_SELECTOR = YES;
				GCC_WARN_UNINITIALIZED_AUTOS = YES_AGGRESSIVE;
				GCC_WARN_UNUSED_FUNCTION = YES;
				GCC_WARN_UNUSED_VARIABLE = YES;
				IPHONEOS_DEPLOYMENT_TARGET = 9.2;
				MTL_ENABLE_DEBUG_INFO = YES;
				ONLY_ACTIVE_ARCH = YES;
				SDKROOT = iphoneos;
				SWIFT_OPTIMIZATION_LEVEL = "-Onone";
			};
			name = Debug;
		};
		8E6E823E1D32E5C7000EA390 /* Release */ = {
			isa = XCBuildConfiguration;
			buildSettings = {
				ALWAYS_SEARCH_USER_PATHS = NO;
				CLANG_CXX_LANGUAGE_STANDARD = "gnu++0x";
				CLANG_CXX_LIBRARY = "libc++";
				CLANG_ENABLE_MODULES = YES;
				CLANG_ENABLE_OBJC_ARC = YES;
				CLANG_WARN_BOOL_CONVERSION = YES;
				CLANG_WARN_CONSTANT_CONVERSION = YES;
				CLANG_WARN_DIRECT_OBJC_ISA_USAGE = YES_ERROR;
				CLANG_WARN_EMPTY_BODY = YES;
				CLANG_WARN_ENUM_CONVERSION = YES;
				CLANG_WARN_INT_CONVERSION = YES;
				CLANG_WARN_OBJC_ROOT_CLASS = YES_ERROR;
				CLANG_WARN_UNREACHABLE_CODE = YES;
				CLANG_WARN__DUPLICATE_METHOD_MATCH = YES;
				"CODE_SIGN_IDENTITY[sdk=iphoneos*]" = "iPhone Developer";
				COPY_PHASE_STRIP = NO;
				DEBUG_INFORMATION_FORMAT = "dwarf-with-dsym";
				ENABLE_NS_ASSERTIONS = NO;
				ENABLE_STRICT_OBJC_MSGSEND = YES;
				GCC_C_LANGUAGE_STANDARD = gnu99;
				GCC_NO_COMMON_BLOCKS = YES;
				GCC_WARN_64_TO_32_BIT_CONVERSION = YES;
				GCC_WARN_ABOUT_RETURN_TYPE = YES_ERROR;
				GCC_WARN_UNDECLARED_SELECTOR = YES;
				GCC_WARN_UNINITIALIZED_AUTOS = YES_AGGRESSIVE;
				GCC_WARN_UNUSED_FUNCTION = YES;
				GCC_WARN_UNUSED_VARIABLE = YES;
				IPHONEOS_DEPLOYMENT_TARGET = 9.2;
				MTL_ENABLE_DEBUG_INFO = NO;
				SDKROOT = iphoneos;
				VALIDATE_PRODUCT = YES;
			};
			name = Release;
		};
		8E6E82401D32E5C7000EA390 /* Debug */ = {
			isa = XCBuildConfiguration;
			buildSettings = {
				ASSETCATALOG_COMPILER_APPICON_NAME = AppIcon;
				INFOPLIST_FILE = WorldTrotter/Info.plist;
				LD_RUNPATH_SEARCH_PATHS = "$(inherited) @executable_path/Frameworks";
				PRODUCT_BUNDLE_IDENTIFIER = com.nestorcarloscastillo.WorldTrotter;
				PRODUCT_NAME = "$(TARGET_NAME)";
			};
			name = Debug;
		};
		8E6E82411D32E5C7000EA390 /* Release */ = {
			isa = XCBuildConfiguration;
			buildSettings = {
				ASSETCATALOG_COMPILER_APPICON_NAME = AppIcon;
				INFOPLIST_FILE = WorldTrotter/Info.plist;
				LD_RUNPATH_SEARCH_PATHS = "$(inherited) @executable_path/Frameworks";
				PRODUCT_BUNDLE_IDENTIFIER = com.nestorcarloscastillo.WorldTrotter;
				PRODUCT_NAME = "$(TARGET_NAME)";
			};
			name = Release;
		};
/* End XCBuildConfiguration section */

/* Begin XCConfigurationList section */
		8E6E82281D32E5C6000EA390 /* Build configuration list for PBXProject "WorldTrotter" */ = {
			isa = XCConfigurationList;
			buildConfigurations = (
				8E6E823D1D32E5C7000EA390 /* Debug */,
				8E6E823E1D32E5C7000EA390 /* Release */,
			);
			defaultConfigurationIsVisible = 0;
			defaultConfigurationName = Release;
		};
		8E6E823F1D32E5C7000EA390 /* Build configuration list for PBXNativeTarget "WorldTrotter" */ = {
			isa = XCConfigurationList;
			buildConfigurations = (
				8E6E82401D32E5C7000EA390 /* Debug */,
				8E6E82411D32E5C7000EA390 /* Release */,
			);
			defaultConfigurationIsVisible = 0;
			defaultConfigurationName = Release;
		};
/* End XCConfigurationList section */
	};
	rootObject = 8E6E82251D32E5C6000EA390 /* Project object */;
}
